<?xml version="1.0" encoding="utf-8"?>
<Project ToolsVersion="4.0" xmlns="http://schemas.microsoft.com/developer/msbuild/2003">
  <ItemGroup>
    <Filter Include="Source Files">
      <UniqueIdentifier>{4FC737F1-C7A5-4376-A066-2A32D752A2FF}</UniqueIdentifier>
      <Extensions>cpp;cxx;c;def</Extensions>
    </Filter>
    <Filter Include="Header Files">
      <UniqueIdentifier>{93995380-89BD-4b04-88EB-625FBE52EBFB}</UniqueIdentifier>
      <Extensions>h</Extensions>
    </Filter>
    <Filter Include="Form Files">
      <UniqueIdentifier>{99349809-55BA-4b9d-BF79-8FDBB0286EB3}</UniqueIdentifier>
      <Extensions>ui</Extensions>
    </Filter>
    <Filter Include="Resource Files">
      <UniqueIdentifier>{D9D6E242-F8AF-46E4-B9FD-80ECBC20BA3E}</UniqueIdentifier>
      <Extensions>qrc;*</Extensions>
      <ParseFiles>false</ParseFiles>
    </Filter>
    <Filter Include="Generated Files">
      <UniqueIdentifier>{71ED8ED8-ACB9-4CE9-BBE1-E00B30144E11}</UniqueIdentifier>
      <Extensions>moc;h;cpp</Extensions>
      <SourceControlFiles>False</SourceControlFiles>
    </Filter>
    <Filter Include="Generated Files\Debug">
      <UniqueIdentifier>{08c092a2-e6b3-419a-b358-e009336ac01a}</UniqueIdentifier>
      <Extensions>cpp;moc</Extensions>
      <SourceControlFiles>False</SourceControlFiles>
    </Filter>
    <Filter Include="Generated Files\Release">
      <UniqueIdentifier>{7913de3f-e55c-4090-9010-4184bf1f0ad9}</UniqueIdentifier>
      <Extensions>cpp;moc</Extensions>
      <SourceControlFiles>False</SourceControlFiles>
    </Filter>
  </ItemGroup>
  <ItemGroup>
    <ClCompile Include="GeneratedFiles\qrc_OmegaEditor.cpp">
      <Filter>Generated Files</Filter>
    </ClCompile>
    <ClCompile Include="OmegaApp.cpp">
      <Filter>Source Files</Filter>
    </ClCompile>
    <ClCompile Include="Utils\CubeUtils.cpp">
      <Filter>Source Files</Filter>
    </ClCompile>
    <ClCompile Include="Utils\OgreManager.cpp">
      <Filter>Source Files</Filter>
    </ClCompile>
    <ClCompile Include="OmgEntities\OmgCharacter.cpp">
      <Filter>Source Files</Filter>
    </ClCompile>
    <ClCompile Include="OmgEntities\OmgEnemy.cpp">
      <Filter>Source Files</Filter>
    </ClCompile>
    <ClCompile Include="OmgEntities\OmgEnemyContainer.cpp">
      <Filter>Source Files</Filter>
    </ClCompile>
    <ClCompile Include="OmgEntities\OmgEntity.cpp">
      <Filter>Source Files</Filter>
    </ClCompile>
    <ClCompile Include="OmgEntities\OmgGame.cpp">
      <Filter>Source Files</Filter>
    </ClCompile>
    <ClCompile Include="OmgEntities\OmgGameContainer.cpp">
      <Filter>Source Files</Filter>
    </ClCompile>
    <ClCompile Include="OmgEntities\OmgItem.cpp">
      <Filter>Source Files</Filter>
    </ClCompile>
    <ClCompile Include="OmgEntities\OmgItemContainer.cpp">
      <Filter>Source Files</Filter>
    </ClCompile>
    <ClCompile Include="OmgEntities\OmgMap.cpp">
      <Filter>Source Files</Filter>
    </ClCompile>
    <ClCompile Include="OmgEntities\OmgMapContainer.cpp">
      <Filter>Source Files</Filter>
    </ClCompile>
    <ClCompile Include="OmgEntities\OmgPlayer.cpp">
      <Filter>Source Files</Filter>
    </ClCompile>
    <ClCompile Include="OmgEntities\OmgPlayerContainer.cpp">
      <Filter>Source Files</Filter>
    </ClCompile>
    <ClCompile Include="OmgEntities\OmgSceneObj.cpp">
      <Filter>Source Files</Filter>
    </ClCompile>
    <ClCompile Include="OmgEntities\OmgSceneObjContainer.cpp">
      <Filter>Source Files</Filter>
    </ClCompile>
    <ClCompile Include="OmgEntities\OmgWeapon.cpp">
      <Filter>Source Files</Filter>
    </ClCompile>
    <ClCompile Include="OmgEntities\OmgWeaponsContainer.cpp">
      <Filter>Source Files</Filter>
    </ClCompile>
    <ClCompile Include="InputData\CharacterPartsSelectorWidget.cpp">
      <Filter>Source Files</Filter>
    </ClCompile>
    <ClCompile Include="GeneratedFiles\Debug\moc_CharacterPartsSelectorWidget.cpp">
      <Filter>Generated Files\Debug</Filter>
    </ClCompile>
    <ClCompile Include="GeneratedFiles\Release\moc_CharacterPartsSelectorWidget.cpp">
      <Filter>Generated Files\Release</Filter>
    </ClCompile>
    <ClCompile Include="InputData\InputData.cpp">
      <Filter>Source Files</Filter>
    </ClCompile>
    <ClCompile Include="GeneratedFiles\Debug\moc_InputData.cpp">
      <Filter>Generated Files\Debug</Filter>
    </ClCompile>
    <ClCompile Include="GeneratedFiles\Release\moc_InputData.cpp">
      <Filter>Generated Files\Release</Filter>
    </ClCompile>
    <ClCompile Include="InputData\OgreWidget.cpp">
      <Filter>Source Files</Filter>
    </ClCompile>
    <ClCompile Include="GeneratedFiles\Debug\moc_OgreWidget.cpp">
      <Filter>Generated Files\Debug</Filter>
    </ClCompile>
    <ClCompile Include="GeneratedFiles\Release\moc_OgreWidget.cpp">
      <Filter>Generated Files\Release</Filter>
    </ClCompile>
    <ClCompile Include="InputData\OmegaWindow.cpp">
      <Filter>Source Files</Filter>
    </ClCompile>
    <ClCompile Include="GeneratedFiles\Debug\moc_OmegaWindow.cpp">
      <Filter>Generated Files\Debug</Filter>
    </ClCompile>
    <ClCompile Include="GeneratedFiles\Release\moc_OmegaWindow.cpp">
      <Filter>Generated Files\Release</Filter>
    </ClCompile>
    <ClCompile Include="InputData\QColorButton.cpp">
      <Filter>Source Files</Filter>
    </ClCompile>
    <ClCompile Include="GeneratedFiles\Debug\moc_QColorButton.cpp">
      <Filter>Generated Files\Debug</Filter>
    </ClCompile>
    <ClCompile Include="GeneratedFiles\Release\moc_QColorButton.cpp">
      <Filter>Generated Files\Release</Filter>
    </ClCompile>
    <ClCompile Include="InputData\QOmgDialogCharacter.cpp">
      <Filter>Source Files</Filter>
    </ClCompile>
    <ClCompile Include="GeneratedFiles\Debug\moc_QOmgDialogCharacter.cpp">
      <Filter>Generated Files\Debug</Filter>
    </ClCompile>
    <ClCompile Include="GeneratedFiles\Release\moc_QOmgDialogCharacter.cpp">
      <Filter>Generated Files\Release</Filter>
    </ClCompile>
    <ClCompile Include="InputData\QOmgDialogEnemy.cpp">
      <Filter>Source Files</Filter>
    </ClCompile>
    <ClCompile Include="InputData\QOmgDialogPlayer.cpp">
      <Filter>Source Files</Filter>
    </ClCompile>
    <ClCompile Include="InputData\QOmgDragableEntities.cpp">
      <Filter>Source Files</Filter>
    </ClCompile>
    <ClCompile Include="GeneratedFiles\Debug\moc_QOmgDragableEntities.cpp">
      <Filter>Generated Files\Debug</Filter>
    </ClCompile>
    <ClCompile Include="GeneratedFiles\Release\moc_QOmgDragableEntities.cpp">
      <Filter>Generated Files\Release</Filter>
    </ClCompile>
    <ClCompile Include="InputData\QOmgExporterDialog.cpp">
      <Filter>Source Files</Filter>
    </ClCompile>
    <ClCompile Include="GeneratedFiles\Debug\moc_QOmgExporterDialog.cpp">
      <Filter>Generated Files\Debug</Filter>
    </ClCompile>
    <ClCompile Include="GeneratedFiles\Release\moc_QOmgExporterDialog.cpp">
      <Filter>Generated Files\Release</Filter>
    </ClCompile>
    <ClCompile Include="InputData\QOmgFolderDialog.cpp">
      <Filter>Source Files</Filter>
    </ClCompile>
    <ClCompile Include="GeneratedFiles\Debug\moc_QOmgFolderDialog.cpp">
      <Filter>Generated Files\Debug</Filter>
    </ClCompile>
    <ClCompile Include="GeneratedFiles\Release\moc_QOmgFolderDialog.cpp">
      <Filter>Generated Files\Release</Filter>
    </ClCompile>
    <ClCompile Include="InputData\QOmgGameCreatorDialog.cpp">
      <Filter>Source Files</Filter>
    </ClCompile>
    <ClCompile Include="GeneratedFiles\Debug\moc_QOmgGameCreatorDialog.cpp">
      <Filter>Generated Files\Debug</Filter>
    </ClCompile>
    <ClCompile Include="GeneratedFiles\Release\moc_QOmgGameCreatorDialog.cpp">
      <Filter>Generated Files\Release</Filter>
    </ClCompile>
    <ClCompile Include="InputData\QOmgItemDialog.cpp">
      <Filter>Source Files</Filter>
    </ClCompile>
    <ClCompile Include="GeneratedFiles\Debug\moc_QOmgItemDialog.cpp">
      <Filter>Generated Files\Debug</Filter>
    </ClCompile>
    <ClCompile Include="GeneratedFiles\Release\moc_QOmgItemDialog.cpp">
      <Filter>Generated Files\Release</Filter>
    </ClCompile>
    <ClCompile Include="InputData\QOmgLeaf.cpp">
      <Filter>Source Files</Filter>
    </ClCompile>
    <ClCompile Include="InputData\QOmgListItem.cpp">
      <Filter>Source Files</Filter>
    </ClCompile>
    <ClCompile Include="GeneratedFiles\Debug\moc_QOmgListItem.cpp">
      <Filter>Generated Files\Debug</Filter>
    </ClCompile>
    <ClCompile Include="GeneratedFiles\Release\moc_QOmgListItem.cpp">
      <Filter>Generated Files\Release</Filter>
    </ClCompile>
    <ClCompile Include="InputData\QOmgListWidgetItem.cpp">
      <Filter>Source Files</Filter>
    </ClCompile>
    <ClCompile Include="InputData\QOmgMapDialog.cpp">
      <Filter>Source Files</Filter>
    </ClCompile>
    <ClCompile Include="GeneratedFiles\Debug\moc_QOmgMapDialog.cpp">
      <Filter>Generated Files\Debug</Filter>
    </ClCompile>
    <ClCompile Include="GeneratedFiles\Release\moc_QOmgMapDialog.cpp">
      <Filter>Generated Files\Release</Filter>
    </ClCompile>
    <ClCompile Include="InputData\QOmgPopUp.cpp">
      <Filter>Source Files</Filter>
    </ClCompile>
    <ClCompile Include="GeneratedFiles\Debug\moc_QOmgPopUp.cpp">
      <Filter>Generated Files\Debug</Filter>
    </ClCompile>
    <ClCompile Include="GeneratedFiles\Release\moc_QOmgPopUp.cpp">
      <Filter>Generated Files\Release</Filter>
    </ClCompile>
    <ClCompile Include="InputData\QOmgSceneObjectsDialog.cpp">
      <Filter>Source Files</Filter>
    </ClCompile>
    <ClCompile Include="GeneratedFiles\Debug\moc_QOmgSceneObjectsDialog.cpp">
      <Filter>Generated Files\Debug</Filter>
    </ClCompile>
    <ClCompile Include="GeneratedFiles\Release\moc_QOmgSceneObjectsDialog.cpp">
      <Filter>Generated Files\Release</Filter>
    </ClCompile>
    <ClCompile Include="InputData\QOmgStyle.cpp">
      <Filter>Source Files</Filter>
    </ClCompile>
    <ClCompile Include="InputData\QOmgTree.cpp">
      <Filter>Source Files</Filter>
    </ClCompile>
    <ClCompile Include="InputData\QOmgTreeEntities.cpp">
      <Filter>Source Files</Filter>
    </ClCompile>
    <ClCompile Include="GeneratedFiles\Debug\moc_QOmgTreeEntities.cpp">
      <Filter>Generated Files\Debug</Filter>
    </ClCompile>
    <ClCompile Include="GeneratedFiles\Release\moc_QOmgTreeEntities.cpp">
      <Filter>Generated Files\Release</Filter>
    </ClCompile>
    <ClCompile Include="InputData\QOmgVerticalButton.cpp">
      <Filter>Source Files</Filter>
    </ClCompile>
    <ClCompile Include="InputData\QOmgWeaponsDialog.cpp">
      <Filter>Source Files</Filter>
    </ClCompile>
    <ClCompile Include="GeneratedFiles\Debug\moc_QOmgWeaponsDialog.cpp">
      <Filter>Generated Files\Debug</Filter>
    </ClCompile>
    <ClCompile Include="GeneratedFiles\Release\moc_QOmgWeaponsDialog.cpp">
      <Filter>Generated Files\Release</Filter>
    </ClCompile>
    <ClCompile Include="InputData\QOmgWindowMngr.cpp">
      <Filter>Source Files</Filter>
    </ClCompile>
    <ClCompile Include="Input\InputManager.cpp">
      <Filter>Source Files</Filter>
    </ClCompile>
    <ClCompile Include="Input\KeyboardController.cpp">
      <Filter>Source Files</Filter>
    </ClCompile>
    <ClCompile Include="Input\MouseCharacterEdit.cpp">
      <Filter>Source Files</Filter>
    </ClCompile>
    <ClCompile Include="Input\MouseController.cpp">
      <Filter>Source Files</Filter>
    </ClCompile>
    <ClCompile Include="Input\MouseCubeEdit.cpp">
      <Filter>Source Files</Filter>
    </ClCompile>
    <ClCompile Include="Input\MouseScenaryEdit.cpp">
      <Filter>Source Files</Filter>
    </ClCompile>
    <ClCompile Include="Folders\OmgFolder.cpp">
      <Filter>Source Files</Filter>
    </ClCompile>
    <ClCompile Include="Folders\OmgFoldersMngr.cpp">
      <Filter>Source Files</Filter>
    </ClCompile>
    <ClCompile Include="EditionManagers\EditCharacterManager.cpp">
      <Filter>Source Files</Filter>
    </ClCompile>
    <ClCompile Include="EditionManagers\EditCubeManager.cpp">
      <Filter>Source Files</Filter>
    </ClCompile>
    <ClCompile Include="EditionManagers\EditSceneManager.cpp">
      <Filter>Source Files</Filter>
    </ClCompile>
    <ClCompile Include="Saver\EntitiesXMLReader.cpp">
      <Filter>Source Files</Filter>
    </ClCompile>
    <ClCompile Include="Saver\EntitiesXMLWriter.cpp">
      <Filter>Source Files</Filter>
    </ClCompile>
    <ClCompile Include="Saver\OmgSaverMngr.cpp">
      <Filter>Source Files</Filter>
    </ClCompile>
    <ClCompile Include="OmgEntities\OmgCube.cpp">
      <Filter>Source Files</Filter>
    </ClCompile>
  </ItemGroup>
  <ItemGroup>
    <CustomBuild Include="OmegaEditor.qrc">
      <Filter>Resource Files</Filter>
    </CustomBuild>
    <CustomBuild Include="InputData\CharacterPartsSelectorWidget.h">
      <Filter>Header Files</Filter>
    </CustomBuild>
    <CustomBuild Include="InputData\InputData.h">
      <Filter>Header Files</Filter>
    </CustomBuild>
    <CustomBuild Include="InputData\OgreWidget.h">
      <Filter>Header Files</Filter>
    </CustomBuild>
    <CustomBuild Include="InputData\OmegaWindow.h">
      <Filter>Header Files</Filter>
    </CustomBuild>
    <CustomBuild Include="InputData\QColorButton.h">
      <Filter>Header Files</Filter>
    </CustomBuild>
    <CustomBuild Include="InputData\QOmgDialogCharacter.h">
      <Filter>Header Files</Filter>
    </CustomBuild>
    <CustomBuild Include="InputData\QOmgDragableEntities.h">
      <Filter>Header Files</Filter>
    </CustomBuild>
    <CustomBuild Include="InputData\QOmgExporterDialog.h">
      <Filter>Header Files</Filter>
    </CustomBuild>
    <CustomBuild Include="InputData\QOmgFolderDialog.h">
      <Filter>Header Files</Filter>
    </CustomBuild>
    <CustomBuild Include="InputData\QOmgGameCreatorDialog.h">
      <Filter>Header Files</Filter>
    </CustomBuild>
    <CustomBuild Include="InputData\QOmgItemDialog.h">
      <Filter>Header Files</Filter>
    </CustomBuild>
    <CustomBuild Include="InputData\QOmgListItem.h">
      <Filter>Header Files</Filter>
    </CustomBuild>
    <CustomBuild Include="InputData\QOmgMapDialog.h">
      <Filter>Header Files</Filter>
    </CustomBuild>
    <CustomBuild Include="InputData\QOmgPopUp.h">
      <Filter>Header Files</Filter>
    </CustomBuild>
    <CustomBuild Include="InputData\QOmgSceneObjectsDialog.h">
      <Filter>Header Files</Filter>
    </CustomBuild>
    <CustomBuild Include="InputData\QOmgTreeEntities.h">
      <Filter>Header Files</Filter>
    </CustomBuild>
    <CustomBuild Include="InputData\QOmgWeaponsDialog.h">
      <Filter>Header Files</Filter>
    </CustomBuild>
    <CustomBuild Include="InputData\ui\CharacterPartsSelectorWidget.ui">
      <Filter>Form Files</Filter>
    </CustomBuild>
    <CustomBuild Include="InputData\ui\QOmgWeaponsDialog.ui">
      <Filter>Form Files</Filter>
    </CustomBuild>
    <CustomBuild Include="InputData\ui\OmegaWindow.ui">
      <Filter>Form Files</Filter>
    </CustomBuild>
    <CustomBuild Include="InputData\ui\QColorButton.ui">
      <Filter>Form Files</Filter>
    </CustomBuild>
    <CustomBuild Include="InputData\ui\QOmgDialogCharacter.ui">
      <Filter>Form Files</Filter>
    </CustomBuild>
    <CustomBuild Include="InputData\ui\QOmgDragableEntities.ui">
      <Filter>Form Files</Filter>
    </CustomBuild>
    <CustomBuild Include="InputData\ui\QOmgExporterDialog.ui">
      <Filter>Form Files</Filter>
    </CustomBuild>
    <CustomBuild Include="InputData\ui\QOmgFolderDialog.ui">
      <Filter>Form Files</Filter>
    </CustomBuild>
    <CustomBuild Include="InputData\ui\QOmgGameCreatorDialog.ui">
      <Filter>Form Files</Filter>
    </CustomBuild>
    <CustomBuild Include="InputData\ui\QOmgItemDialog.ui">
      <Filter>Form Files</Filter>
    </CustomBuild>
    <CustomBuild Include="InputData\ui\QOmgListItem.ui">
      <Filter>Form Files</Filter>
    </CustomBuild>
    <CustomBuild Include="InputData\ui\QOmgMapDialog.ui">
      <Filter>Form Files</Filter>
    </CustomBuild>
    <CustomBuild Include="InputData\ui\QOmgPopUp.ui">
      <Filter>Form Files</Filter>
    </CustomBuild>
    <CustomBuild Include="InputData\ui\QOmgSceneObjectsDialog.ui">
      <Filter>Form Files</Filter>
    </CustomBuild>
  </ItemGroup>
  <ItemGroup>
    <ClInclude Include="Utils\Container.h">
      <Filter>Header Files</Filter>
    </ClInclude>
    <ClInclude Include="Utils\Singleton.h">
      <Filter>Header Files</Filter>
    </ClInclude>
    <ClInclude Include="Utils\CubeUtils.h">
      <Filter>Header Files</Filter>
    </ClInclude>
    <ClInclude Include="Utils\OgreManager.h">
      <Filter>Header Files</Filter>
    </ClInclude>
    <ClInclude Include="OmgEntities\Entities.h">
      <Filter>Header Files</Filter>
    </ClInclude>
    <ClInclude Include="OmgEntities\OmgWeaponsContainer.h">
      <Filter>Header Files</Filter>
    </ClInclude>
    <ClInclude Include="OmgEntities\OmgCharacter.h">
      <Filter>Header Files</Filter>
    </ClInclude>
    <ClInclude Include="OmgEntities\OmgEnemy.h">
      <Filter>Header Files</Filter>
    </ClInclude>
    <ClInclude Include="OmgEntities\OmgEnemyContainer.h">
      <Filter>Header Files</Filter>
    </ClInclude>
    <ClInclude Include="OmgEntities\OmgEntity.h">
      <Filter>Header Files</Filter>
    </ClInclude>
    <ClInclude Include="OmgEntities\OmgGame.h">
      <Filter>Header Files</Filter>
    </ClInclude>
    <ClInclude Include="OmgEntities\OmgGameContainer.h">
      <Filter>Header Files</Filter>
    </ClInclude>
    <ClInclude Include="OmgEntities\OmgItem.h">
      <Filter>Header Files</Filter>
    </ClInclude>
    <ClInclude Include="OmgEntities\OmgItemContainer.h">
      <Filter>Header Files</Filter>
    </ClInclude>
    <ClInclude Include="OmgEntities\OmgMap.h">
      <Filter>Header Files</Filter>
    </ClInclude>
    <ClInclude Include="OmgEntities\OmgMapContainer.h">
      <Filter>Header Files</Filter>
    </ClInclude>
    <ClInclude Include="OmgEntities\OmgPlayer.h">
      <Filter>Header Files</Filter>
    </ClInclude>
    <ClInclude Include="OmgEntities\OmgPlayerContainer.h">
      <Filter>Header Files</Filter>
    </ClInclude>
    <ClInclude Include="OmgEntities\OmgSceneObj.h">
      <Filter>Header Files</Filter>
    </ClInclude>
    <ClInclude Include="OmgEntities\OmgSceneObjContainer.h">
      <Filter>Header Files</Filter>
    </ClInclude>
    <ClInclude Include="OmgEntities\OmgWeapon.h">
      <Filter>Header Files</Filter>
    </ClInclude>
    <ClInclude Include="InputData\QOmgWindowMngr.h">
      <Filter>Header Files</Filter>
    </ClInclude>
    <ClInclude Include="InputData\QOmgDialogEnemy.h">
      <Filter>Header Files</Filter>
    </ClInclude>
    <ClInclude Include="InputData\QOmgDialogPlayer.h">
      <Filter>Header Files</Filter>
    </ClInclude>
    <ClInclude Include="InputData\QOmgLeaf.h">
      <Filter>Header Files</Filter>
    </ClInclude>
    <ClInclude Include="InputData\QOmgListWidgetItem.h">
      <Filter>Header Files</Filter>
    </ClInclude>
    <ClInclude Include="InputData\QOmgStyle.h">
      <Filter>Header Files</Filter>
    </ClInclude>
    <ClInclude Include="InputData\QOmgTree.h">
      <Filter>Header Files</Filter>
    </ClInclude>
    <ClInclude Include="InputData\QOmgVerticalButton.h">
      <Filter>Header Files</Filter>
    </ClInclude>
    <ClInclude Include="GeneratedFiles\ui_CharacterPartsSelectorWidget.h">
      <Filter>Generated Files</Filter>
    </ClInclude>
    <ClInclude Include="GeneratedFiles\ui_QOmgWeaponsDialog.h">
      <Filter>Generated Files</Filter>
    </ClInclude>
    <ClInclude Include="GeneratedFiles\ui_OmegaWindow.h">
      <Filter>Generated Files</Filter>
    </ClInclude>
    <ClInclude Include="GeneratedFiles\ui_QColorButton.h">
      <Filter>Generated Files</Filter>
    </ClInclude>
    <ClInclude Include="GeneratedFiles\ui_QOmgDialogCharacter.h">
      <Filter>Generated Files</Filter>
    </ClInclude>
    <ClInclude Include="GeneratedFiles\ui_QOmgDragableEntities.h">
      <Filter>Generated Files</Filter>
    </ClInclude>
    <ClInclude Include="GeneratedFiles\ui_QOmgExporterDialog.h">
      <Filter>Generated Files</Filter>
    </ClInclude>
    <ClInclude Include="GeneratedFiles\ui_QOmgFolderDialog.h">
      <Filter>Generated Files</Filter>
    </ClInclude>
    <ClInclude Include="GeneratedFiles\ui_QOmgGameCreatorDialog.h">
      <Filter>Generated Files</Filter>
    </ClInclude>
    <ClInclude Include="GeneratedFiles\ui_QOmgItemDialog.h">
      <Filter>Generated Files</Filter>
    </ClInclude>
    <ClInclude Include="GeneratedFiles\ui_QOmgListItem.h">
      <Filter>Generated Files</Filter>
    </ClInclude>
    <ClInclude Include="GeneratedFiles\ui_QOmgMapDialog.h">
      <Filter>Generated Files</Filter>
    </ClInclude>
    <ClInclude Include="GeneratedFiles\ui_QOmgPopUp.h">
      <Filter>Generated Files</Filter>
    </ClInclude>
    <ClInclude Include="GeneratedFiles\ui_QOmgSceneObjectsDialog.h">
      <Filter>Generated Files</Filter>
    </ClInclude>
    <ClInclude Include="input\mousescenaryedit.h">
      <Filter>Header Files</Filter>
    </ClInclude>
    <ClInclude Include="input\inputmanager.h">
      <Filter>Header Files</Filter>
    </ClInclude>
    <ClInclude Include="input\keyboardcontroller.h">
      <Filter>Header Files</Filter>
    </ClInclude>
    <ClInclude Include="Input\MouseCharacterEdit.h">
      <Filter>Header Files</Filter>
    </ClInclude>
    <ClInclude Include="input\mousecontroller.h">
      <Filter>Header Files</Filter>
    </ClInclude>
    <ClInclude Include="Input\MouseCubeEdit.h">
      <Filter>Header Files</Filter>
    </ClInclude>
    <ClInclude Include="folders\omgfoldersmngr.h">
      <Filter>Header Files</Filter>
    </ClInclude>
    <ClInclude Include="folders\omgfolder.h">
      <Filter>Header Files</Filter>
    </ClInclude>
    <ClInclude Include="editionmanagers\editscenemanager.h">
      <Filter>Header Files</Filter>
    </ClInclude>
    <ClInclude Include="editionmanagers\editcharactermanager.h">
      <Filter>Header Files</Filter>
    </ClInclude>
    <ClInclude Include="editionmanagers\editcubemanager.h">
      <Filter>Header Files</Filter>
    </ClInclude>
    <ClInclude Include="Saver\OmgSaverMngr.h">
      <Filter>Header Files</Filter>
    </ClInclude>
    <ClInclude Include="Saver\EntitiesXMLReader.h">
      <Filter>Header Files</Filter>
    </ClInclude>
    <ClInclude Include="Saver\EntitiesXMLWriter.h">
      <Filter>Header Files</Filter>
    </ClInclude>
    <ClInclude Include="Omega.h">
      <Filter>Header Files</Filter>
    </ClInclude>
    <ClInclude Include="OmgEntities\OmgCube.h">
      <Filter>Header Files</Filter>
    </ClInclude>
  </ItemGroup>
</Project>