<?xml version="1.0" encoding="utf-8"?>
<Project ToolsVersion="4.0" xmlns="http://schemas.microsoft.com/developer/msbuild/2003">
  <ItemGroup>
    <Filter Include="Source Files">
      <UniqueIdentifier>{4FC737F1-C7A5-4376-A066-2A32D752A2FF}</UniqueIdentifier>
      <Extensions>cpp;cxx;c;def</Extensions>
    </Filter>
    <Filter Include="Header Files">
      <UniqueIdentifier>{93995380-89BD-4b04-88EB-625FBE52EBFB}</UniqueIdentifier>
      <Extensions>h</Extensions>
    </Filter>
    <Filter Include="Form Files">
      <UniqueIdentifier>{99349809-55BA-4b9d-BF79-8FDBB0286EB3}</UniqueIdentifier>
      <Extensions>ui</Extensions>
    </Filter>
    <Filter Include="Resource Files">
      <UniqueIdentifier>{D9D6E242-F8AF-46E4-B9FD-80ECBC20BA3E}</UniqueIdentifier>
      <Extensions>qrc;*</Extensions>
      <ParseFiles>false</ParseFiles>
    </Filter>
    <Filter Include="Generated Files">
      <UniqueIdentifier>{71ED8ED8-ACB9-4CE9-BBE1-E00B30144E11}</UniqueIdentifier>
      <Extensions>moc;h;cpp</Extensions>
      <SourceControlFiles>False</SourceControlFiles>
    </Filter>
    <Filter Include="Generated Files\Debug">
      <UniqueIdentifier>{b8d30d15-76b4-4222-8e14-d5ea5a1a1e1d}</UniqueIdentifier>
      <Extensions>cpp;moc</Extensions>
      <SourceControlFiles>False</SourceControlFiles>
    </Filter>
    <Filter Include="Generated Files\Release">
      <UniqueIdentifier>{b54993f2-6568-437b-b053-e0363509c6c6}</UniqueIdentifier>
      <Extensions>cpp;moc</Extensions>
      <SourceControlFiles>False</SourceControlFiles>
    </Filter>
  </ItemGroup>
  <ItemGroup>
    <ClCompile Include="GeneratedFiles\qrc_omegaeditor.cpp">
      <Filter>Generated Files</Filter>
    </ClCompile>
    <ClCompile Include="Utils\CubeUtils.cpp">
      <Filter>Source Files</Filter>
    </ClCompile>
    <ClCompile Include="OmegaApp.cpp">
      <Filter>Source Files</Filter>
    </ClCompile>
    <ClCompile Include="Display\OgreManager.cpp">
      <Filter>Source Files</Filter>
    </ClCompile>
    <ClCompile Include="EditionManagers\EditCharacterManager.cpp">
      <Filter>Source Files</Filter>
    </ClCompile>
    <ClCompile Include="EditionManagers\EditCubeManager.cpp">
      <Filter>Source Files</Filter>
    </ClCompile>
    <ClCompile Include="EditionManagers\EditSceneManager.cpp">
      <Filter>Source Files</Filter>
    </ClCompile>
    <ClCompile Include="Folders\OmgFolder.cpp">
      <Filter>Source Files</Filter>
    </ClCompile>
    <ClCompile Include="Folders\OmgFoldersMngr.cpp">
      <Filter>Source Files</Filter>
    </ClCompile>
    <ClCompile Include="Input\InputManager.cpp">
      <Filter>Source Files</Filter>
    </ClCompile>
    <ClCompile Include="Input\MouseCharacterEdit.cpp">
      <Filter>Source Files</Filter>
    </ClCompile>
    <ClCompile Include="Input\MouseController.cpp">
      <Filter>Source Files</Filter>
    </ClCompile>
    <ClCompile Include="Input\MouseCubeEdit.cpp">
      <Filter>Source Files</Filter>
    </ClCompile>
    <ClCompile Include="Input\MouseScenaryEdit.cpp">
      <Filter>Source Files</Filter>
    </ClCompile>
    <ClCompile Include="OmgEntities\OmgEntity.cpp">
      <Filter>Source Files</Filter>
    </ClCompile>
    <ClCompile Include="OmgEntities\OmgCharacter.cpp">
      <Filter>Source Files</Filter>
    </ClCompile>
    <ClCompile Include="OmgEntities\OmgEnemy.cpp">
      <Filter>Source Files</Filter>
    </ClCompile>
    <ClCompile Include="OmgEntities\OmgEnemyContainer.cpp">
      <Filter>Source Files</Filter>
    </ClCompile>
    <ClCompile Include="OmgEntities\OmgGame.cpp">
      <Filter>Source Files</Filter>
    </ClCompile>
    <ClCompile Include="OmgEntities\OmgGameContainer.cpp">
      <Filter>Source Files</Filter>
    </ClCompile>
    <ClCompile Include="OmgEntities\OmgItem.cpp">
      <Filter>Source Files</Filter>
    </ClCompile>
    <ClCompile Include="OmgEntities\OmgItemContainer.cpp">
      <Filter>Source Files</Filter>
    </ClCompile>
    <ClCompile Include="OmgEntities\OmgMap.cpp">
      <Filter>Source Files</Filter>
    </ClCompile>
    <ClCompile Include="OmgEntities\OmgMapContainer.cpp">
      <Filter>Source Files</Filter>
    </ClCompile>
    <ClCompile Include="OmgEntities\OmgPlayer.cpp">
      <Filter>Source Files</Filter>
    </ClCompile>
    <ClCompile Include="OmgEntities\OmgPlayerContainer.cpp">
      <Filter>Source Files</Filter>
    </ClCompile>
    <ClCompile Include="OmgEntities\OmgSceneObj.cpp">
      <Filter>Source Files</Filter>
    </ClCompile>
    <ClCompile Include="OmgEntities\OmgSceneObjContainer.cpp">
      <Filter>Source Files</Filter>
    </ClCompile>
    <ClCompile Include="OmgEntities\OmgWeapon.cpp">
      <Filter>Source Files</Filter>
    </ClCompile>
    <ClCompile Include="OmgEntities\OmgWeaponsContainer.cpp">
      <Filter>Source Files</Filter>
    </ClCompile>
    <ClCompile Include="QtComponents\QOmgWindowMngr.cpp">
      <Filter>Source Files</Filter>
    </ClCompile>
    <ClCompile Include="GeneratedFiles\Debug\moc_QOmgWeaponsDialog.cpp">
      <Filter>Generated Files\Debug</Filter>
    </ClCompile>
    <ClCompile Include="GeneratedFiles\Release\moc_QOmgWeaponsDialog.cpp">
      <Filter>Generated Files\Release</Filter>
    </ClCompile>
    <ClCompile Include="QtComponents\QOmgWeaponsDialog.cpp">
      <Filter>Source Files</Filter>
    </ClCompile>
    <ClCompile Include="QtComponents\QOmgVerticalButton.cpp">
      <Filter>Source Files</Filter>
    </ClCompile>
    <ClCompile Include="GeneratedFiles\Debug\moc_QOmgTreeEntities.cpp">
      <Filter>Generated Files\Debug</Filter>
    </ClCompile>
    <ClCompile Include="GeneratedFiles\Release\moc_QOmgTreeEntities.cpp">
      <Filter>Generated Files\Release</Filter>
    </ClCompile>
    <ClCompile Include="QtComponents\QOmgTreeEntities.cpp">
      <Filter>Source Files</Filter>
    </ClCompile>
    <ClCompile Include="QtComponents\QOmgTree.cpp">
      <Filter>Source Files</Filter>
    </ClCompile>
    <ClCompile Include="QtComponents\QOmgStyle.cpp">
      <Filter>Source Files</Filter>
    </ClCompile>
    <ClCompile Include="GeneratedFiles\Debug\moc_QOmgPopUp.cpp">
      <Filter>Generated Files\Debug</Filter>
    </ClCompile>
    <ClCompile Include="GeneratedFiles\Release\moc_QOmgPopUp.cpp">
      <Filter>Generated Files\Release</Filter>
    </ClCompile>
    <ClCompile Include="QtComponents\QOmgPopUp.cpp">
      <Filter>Source Files</Filter>
    </ClCompile>
    <ClCompile Include="GeneratedFiles\Debug\moc_QOmgMapDialog.cpp">
      <Filter>Generated Files\Debug</Filter>
    </ClCompile>
    <ClCompile Include="GeneratedFiles\Release\moc_QOmgMapDialog.cpp">
      <Filter>Generated Files\Release</Filter>
    </ClCompile>
    <ClCompile Include="QtComponents\QOmgMapDialog.cpp">
      <Filter>Source Files</Filter>
    </ClCompile>
    <ClCompile Include="QtComponents\QOmgListWidgetItem.cpp">
      <Filter>Source Files</Filter>
    </ClCompile>
    <ClCompile Include="GeneratedFiles\Debug\moc_QOmgListItem.cpp">
      <Filter>Generated Files\Debug</Filter>
    </ClCompile>
    <ClCompile Include="GeneratedFiles\Release\moc_QOmgListItem.cpp">
      <Filter>Generated Files\Release</Filter>
    </ClCompile>
    <ClCompile Include="QtComponents\QOmgListItem.cpp">
      <Filter>Source Files</Filter>
    </ClCompile>
    <ClCompile Include="QtComponents\QOmgLeaf.cpp">
      <Filter>Source Files</Filter>
    </ClCompile>
    <ClCompile Include="GeneratedFiles\Debug\moc_QOmgItemDialog.cpp">
      <Filter>Generated Files\Debug</Filter>
    </ClCompile>
    <ClCompile Include="GeneratedFiles\Release\moc_QOmgItemDialog.cpp">
      <Filter>Generated Files\Release</Filter>
    </ClCompile>
    <ClCompile Include="QtComponents\QOmgItemDialog.cpp">
      <Filter>Source Files</Filter>
    </ClCompile>
    <ClCompile Include="GeneratedFiles\Debug\moc_QOmgGameCreatorDialog.cpp">
      <Filter>Generated Files\Debug</Filter>
    </ClCompile>
    <ClCompile Include="GeneratedFiles\Release\moc_QOmgGameCreatorDialog.cpp">
      <Filter>Generated Files\Release</Filter>
    </ClCompile>
    <ClCompile Include="QtComponents\QOmgGameCreatorDialog.cpp">
      <Filter>Source Files</Filter>
    </ClCompile>
    <ClCompile Include="GeneratedFiles\Debug\moc_QOmgFolderDialog.cpp">
      <Filter>Generated Files\Debug</Filter>
    </ClCompile>
    <ClCompile Include="GeneratedFiles\Release\moc_QOmgFolderDialog.cpp">
      <Filter>Generated Files\Release</Filter>
    </ClCompile>
    <ClCompile Include="QtComponents\QOmgFolderDialog.cpp">
      <Filter>Source Files</Filter>
    </ClCompile>
    <ClCompile Include="GeneratedFiles\Debug\moc_QOmgExporterDialog.cpp">
      <Filter>Generated Files\Debug</Filter>
    </ClCompile>
    <ClCompile Include="GeneratedFiles\Release\moc_QOmgExporterDialog.cpp">
      <Filter>Generated Files\Release</Filter>
    </ClCompile>
    <ClCompile Include="QtComponents\QOmgExporterDialog.cpp">
      <Filter>Source Files</Filter>
    </ClCompile>
    <ClCompile Include="GeneratedFiles\Debug\moc_QOmgDragableEntities.cpp">
      <Filter>Generated Files\Debug</Filter>
    </ClCompile>
    <ClCompile Include="GeneratedFiles\Release\moc_QOmgDragableEntities.cpp">
      <Filter>Generated Files\Release</Filter>
    </ClCompile>
    <ClCompile Include="QtComponents\QOmgDragableEntities.cpp">
      <Filter>Source Files</Filter>
    </ClCompile>
    <ClCompile Include="QtComponents\QOmgDialogPlayer.cpp">
      <Filter>Source Files</Filter>
    </ClCompile>
    <ClCompile Include="QtComponents\QOmgDialogEnemy.cpp">
      <Filter>Source Files</Filter>
    </ClCompile>
    <ClCompile Include="GeneratedFiles\Debug\moc_QOmgDialogCharacter.cpp">
      <Filter>Generated Files\Debug</Filter>
    </ClCompile>
    <ClCompile Include="GeneratedFiles\Release\moc_QOmgDialogCharacter.cpp">
      <Filter>Generated Files\Release</Filter>
    </ClCompile>
    <ClCompile Include="QtComponents\QOmgDialogCharacter.cpp">
      <Filter>Source Files</Filter>
    </ClCompile>
    <ClCompile Include="GeneratedFiles\Debug\moc_QColorButton.cpp">
      <Filter>Generated Files\Debug</Filter>
    </ClCompile>
    <ClCompile Include="GeneratedFiles\Release\moc_QColorButton.cpp">
      <Filter>Generated Files\Release</Filter>
    </ClCompile>
    <ClCompile Include="QtComponents\QColorButton.cpp">
      <Filter>Source Files</Filter>
    </ClCompile>
    <ClCompile Include="GeneratedFiles\Debug\moc_CharacterPartsSelectorWidget.cpp">
      <Filter>Generated Files\Debug</Filter>
    </ClCompile>
    <ClCompile Include="GeneratedFiles\Release\moc_CharacterPartsSelectorWidget.cpp">
      <Filter>Generated Files\Release</Filter>
    </ClCompile>
    <ClCompile Include="QtComponents\CharacterPartsSelectorWidget.cpp">
      <Filter>Source Files</Filter>
    </ClCompile>
    <ClCompile Include="Saver\OmgSaverMngr.cpp">
      <Filter>Source Files</Filter>
    </ClCompile>
    <ClCompile Include="GeneratedFiles\qrc_images.cpp">
      <Filter>Generated Files</Filter>
    </ClCompile>
    <ClCompile Include="OmegaWindow.cpp">
      <Filter>Source Files</Filter>
    </ClCompile>
    <ClCompile Include="GeneratedFiles\Debug\moc_OmegaWindow.cpp">
      <Filter>Generated Files\Debug</Filter>
    </ClCompile>
    <ClCompile Include="GeneratedFiles\Release\moc_OmegaWindow.cpp">
      <Filter>Generated Files\Release</Filter>
    </ClCompile>
    <ClCompile Include="QtComponents\QOmgSceneObjectsDialog.cpp">
      <Filter>Source Files</Filter>
    </ClCompile>
    <ClCompile Include="GeneratedFiles\Debug\moc_QOmgSceneObjectsDialog.cpp">
      <Filter>Generated Files\Debug</Filter>
    </ClCompile>
    <ClCompile Include="GeneratedFiles\Release\moc_QOmgSceneObjectsDialog.cpp">
      <Filter>Generated Files\Release</Filter>
    </ClCompile>
    <ClCompile Include="QtComponents\InputData.cpp">
      <Filter>Source Files</Filter>
    </ClCompile>
    <ClCompile Include="GeneratedFiles\Debug\moc_InputData.cpp">
      <Filter>Generated Files\Debug</Filter>
    </ClCompile>
    <ClCompile Include="GeneratedFiles\Release\moc_InputData.cpp">
      <Filter>Generated Files\Release</Filter>
    </ClCompile>
    <ClCompile Include="Saver\EntitiesXMLWriter.cpp">
      <Filter>Source Files</Filter>
    </ClCompile>
    <ClCompile Include="Saver\EntitiesXMLReader.cpp">
      <Filter>Source Files</Filter>
    </ClCompile>
    <ClCompile Include="OgreWidget.cpp">
      <Filter>Source Files</Filter>
    </ClCompile>
    <ClCompile Include="Input\KeyboardController.cpp">
      <Filter>Source Files</Filter>
    </ClCompile>
    <ClCompile Include="GeneratedFiles\Debug\moc_OgreWidget.cpp">
      <Filter>Generated Files\Debug</Filter>
    </ClCompile>
    <ClCompile Include="GeneratedFiles\Release\moc_OgreWidget.cpp">
      <Filter>Generated Files\Release</Filter>
    </ClCompile>
  </ItemGroup>
  <ItemGroup>
    <CustomBuild Include="omegaeditor.qrc">
      <Filter>Resource Files</Filter>
    </CustomBuild>
    <CustomBuild Include="QtComponents\QOmgWeaponsDialog.ui">
      <Filter>Form Files</Filter>
    </CustomBuild>
    <CustomBuild Include="QtComponents\QOmgWeaponsDialog.h">
      <Filter>Header Files</Filter>
    </CustomBuild>
    <CustomBuild Include="QtComponents\QOmgTreeEntities.h">
      <Filter>Header Files</Filter>
    </CustomBuild>
    <CustomBuild Include="QtComponents\QOmgPopUp.ui">
      <Filter>Form Files</Filter>
    </CustomBuild>
    <CustomBuild Include="QtComponents\QOmgPopUp.h">
      <Filter>Header Files</Filter>
    </CustomBuild>
    <CustomBuild Include="QtComponents\QOmgMapDialog.ui">
      <Filter>Form Files</Filter>
    </CustomBuild>
    <CustomBuild Include="QtComponents\QOmgMapDialog.h">
      <Filter>Header Files</Filter>
    </CustomBuild>
    <CustomBuild Include="QtComponents\QOmgListItem.ui">
      <Filter>Form Files</Filter>
    </CustomBuild>
    <CustomBuild Include="QtComponents\QOmgListItem.h">
      <Filter>Header Files</Filter>
    </CustomBuild>
    <CustomBuild Include="QtComponents\QOmgItemDialog.ui">
      <Filter>Form Files</Filter>
    </CustomBuild>
    <CustomBuild Include="QtComponents\QOmgItemDialog.h">
      <Filter>Header Files</Filter>
    </CustomBuild>
    <CustomBuild Include="QtComponents\QOmgGameCreatorDialog.ui">
      <Filter>Form Files</Filter>
    </CustomBuild>
    <CustomBuild Include="QtComponents\QOmgGameCreatorDialog.h">
      <Filter>Header Files</Filter>
    </CustomBuild>
    <CustomBuild Include="QtComponents\QOmgFolderDialog.ui">
      <Filter>Form Files</Filter>
    </CustomBuild>
    <CustomBuild Include="QtComponents\QOmgFolderDialog.h">
      <Filter>Header Files</Filter>
    </CustomBuild>
    <CustomBuild Include="QtComponents\QOmgExporterDialog.ui">
      <Filter>Form Files</Filter>
    </CustomBuild>
    <CustomBuild Include="QtComponents\QOmgExporterDialog.h">
      <Filter>Header Files</Filter>
    </CustomBuild>
    <CustomBuild Include="QtComponents\QOmgDragableEntities.ui">
      <Filter>Form Files</Filter>
    </CustomBuild>
    <CustomBuild Include="QtComponents\QOmgDragableEntities.h">
      <Filter>Header Files</Filter>
    </CustomBuild>
    <CustomBuild Include="QtComponents\QOmgDialogCharacter.ui">
      <Filter>Form Files</Filter>
    </CustomBuild>
    <CustomBuild Include="QtComponents\QOmgDialogCharacter.h">
      <Filter>Header Files</Filter>
    </CustomBuild>
    <CustomBuild Include="QtComponents\QColorButton.ui">
      <Filter>Form Files</Filter>
    </CustomBuild>
    <CustomBuild Include="QtComponents\QColorButton.h">
      <Filter>Header Files</Filter>
    </CustomBuild>
    <CustomBuild Include="QtComponents\CharacterPartsSelectorWidget.ui">
      <Filter>Form Files</Filter>
    </CustomBuild>
    <CustomBuild Include="QtComponents\CharacterPartsSelectorWidget.h">
      <Filter>Header Files</Filter>
    </CustomBuild>
    <CustomBuild Include="images.qrc">
      <Filter>Resource Files</Filter>
    </CustomBuild>
    <CustomBuild Include="OmegaWindow.h">
      <Filter>Header Files</Filter>
    </CustomBuild>
    <CustomBuild Include="OmegaWindow.ui">
      <Filter>Form Files</Filter>
    </CustomBuild>
    <CustomBuild Include="QtComponents\QOmgSceneObjectsDialog.ui">
      <Filter>Form Files</Filter>
    </CustomBuild>
    <CustomBuild Include="QtComponents\QOmgSceneObjectsDialog.h">
      <Filter>Header Files</Filter>
    </CustomBuild>
    <CustomBuild Include="QtComponents\InputData.h">
      <Filter>Header Files</Filter>
    </CustomBuild>
    <CustomBuild Include="OgreWidget.h">
      <Filter>Header Files</Filter>
    </CustomBuild>
  </ItemGroup>
  <ItemGroup>
    <ClInclude Include="Utils\Singleton.h">
      <Filter>Header Files</Filter>
    </ClInclude>
    <ClInclude Include="Utils\Container.h">
      <Filter>Header Files</Filter>
    </ClInclude>
    <ClInclude Include="Utils\CubeUtils.h">
      <Filter>Header Files</Filter>
    </ClInclude>
    <ClInclude Include="Display\OgreManager.h">
      <Filter>Header Files</Filter>
    </ClInclude>
    <ClInclude Include="EditionManagers\EditCharacterManager.h">
      <Filter>Header Files</Filter>
    </ClInclude>
    <ClInclude Include="EditionManagers\EditCubeManager.h">
      <Filter>Header Files</Filter>
    </ClInclude>
    <ClInclude Include="EditionManagers\EditSceneManager.h">
      <Filter>Header Files</Filter>
    </ClInclude>
    <ClInclude Include="Folders\OmgFolder.h">
      <Filter>Header Files</Filter>
    </ClInclude>
    <ClInclude Include="Folders\OmgFoldersMngr.h">
      <Filter>Header Files</Filter>
    </ClInclude>
    <ClInclude Include="Input\InputManager.h">
      <Filter>Header Files</Filter>
    </ClInclude>
    <ClInclude Include="Input\MouseCharacterEdit.h">
      <Filter>Header Files</Filter>
    </ClInclude>
    <ClInclude Include="Input\MouseController.h">
      <Filter>Header Files</Filter>
    </ClInclude>
    <ClInclude Include="Input\MouseCubeEdit.h">
      <Filter>Header Files</Filter>
    </ClInclude>
    <ClInclude Include="Input\MouseScenaryEdit.h">
      <Filter>Header Files</Filter>
    </ClInclude>
    <ClInclude Include="OmgEntities\Entities.h">
      <Filter>Header Files</Filter>
    </ClInclude>
    <ClInclude Include="OmgEntities\OmgEntity.h">
      <Filter>Header Files</Filter>
    </ClInclude>
    <ClInclude Include="OmgEntities\OmgCharacter.h">
      <Filter>Header Files</Filter>
    </ClInclude>
    <ClInclude Include="OmgEntities\OmgEnemy.h">
      <Filter>Header Files</Filter>
    </ClInclude>
    <ClInclude Include="OmgEntities\OmgEnemyContainer.h">
      <Filter>Header Files</Filter>
    </ClInclude>
    <ClInclude Include="OmgEntities\OmgGame.h">
      <Filter>Header Files</Filter>
    </ClInclude>
    <ClInclude Include="OmgEntities\OmgGameContainer.h">
      <Filter>Header Files</Filter>
    </ClInclude>
    <ClInclude Include="OmgEntities\OmgItem.h">
      <Filter>Header Files</Filter>
    </ClInclude>
    <ClInclude Include="OmgEntities\OmgItemContainer.h">
      <Filter>Header Files</Filter>
    </ClInclude>
    <ClInclude Include="OmgEntities\OmgMap.h">
      <Filter>Header Files</Filter>
    </ClInclude>
    <ClInclude Include="OmgEntities\OmgMapContainer.h">
      <Filter>Header Files</Filter>
    </ClInclude>
    <ClInclude Include="OmgEntities\OmgPlayer.h">
      <Filter>Header Files</Filter>
    </ClInclude>
    <ClInclude Include="OmgEntities\OmgPlayerContainer.h">
      <Filter>Header Files</Filter>
    </ClInclude>
    <ClInclude Include="OmgEntities\OmgSceneObj.h">
      <Filter>Header Files</Filter>
    </ClInclude>
    <ClInclude Include="OmgEntities\OmgSceneObjContainer.h">
      <Filter>Header Files</Filter>
    </ClInclude>
    <ClInclude Include="OmgEntities\OmgWeapon.h">
      <Filter>Header Files</Filter>
    </ClInclude>
    <ClInclude Include="OmgEntities\OmgWeaponsContainer.h">
      <Filter>Header Files</Filter>
    </ClInclude>
    <ClInclude Include="QtComponents\QOmgWindowMngr.h">
      <Filter>Header Files</Filter>
    </ClInclude>
    <ClInclude Include="GeneratedFiles\ui_QOmgWeaponsDialog.h">
      <Filter>Generated Files</Filter>
    </ClInclude>
    <ClInclude Include="QtComponents\QOmgVerticalButton.h">
      <Filter>Header Files</Filter>
    </ClInclude>
    <ClInclude Include="QtComponents\QOmgTree.h">
      <Filter>Header Files</Filter>
    </ClInclude>
    <ClInclude Include="QtComponents\QOmgStyle.h">
      <Filter>Header Files</Filter>
    </ClInclude>
    <ClInclude Include="GeneratedFiles\ui_QOmgPopUp.h">
      <Filter>Generated Files</Filter>
    </ClInclude>
    <ClInclude Include="GeneratedFiles\ui_QOmgMapDialog.h">
      <Filter>Generated Files</Filter>
    </ClInclude>
    <ClInclude Include="QtComponents\QOmgListWidgetItem.h">
      <Filter>Header Files</Filter>
    </ClInclude>
    <ClInclude Include="GeneratedFiles\ui_QOmgListItem.h">
      <Filter>Generated Files</Filter>
    </ClInclude>
    <ClInclude Include="QtComponents\QOmgLeaf.h">
      <Filter>Header Files</Filter>
    </ClInclude>
    <ClInclude Include="GeneratedFiles\ui_QOmgItemDialog.h">
      <Filter>Generated Files</Filter>
    </ClInclude>
    <ClInclude Include="GeneratedFiles\ui_QOmgGameCreatorDialog.h">
      <Filter>Generated Files</Filter>
    </ClInclude>
    <ClInclude Include="GeneratedFiles\ui_QOmgFolderDialog.h">
      <Filter>Generated Files</Filter>
    </ClInclude>
    <ClInclude Include="GeneratedFiles\ui_QOmgExporterDialog.h">
      <Filter>Generated Files</Filter>
    </ClInclude>
    <ClInclude Include="GeneratedFiles\ui_QOmgDragableEntities.h">
      <Filter>Generated Files</Filter>
    </ClInclude>
    <ClInclude Include="QtComponents\QOmgDialogPlayer.h">
      <Filter>Header Files</Filter>
    </ClInclude>
    <ClInclude Include="QtComponents\QOmgDialogEnemy.h">
      <Filter>Header Files</Filter>
    </ClInclude>
    <ClInclude Include="GeneratedFiles\ui_QOmgDialogCharacter.h">
      <Filter>Generated Files</Filter>
    </ClInclude>
    <ClInclude Include="GeneratedFiles\ui_QColorButton.h">
      <Filter>Generated Files</Filter>
    </ClInclude>
    <ClInclude Include="GeneratedFiles\ui_CharacterPartsSelectorWidget.h">
      <Filter>Generated Files</Filter>
    </ClInclude>
    <ClInclude Include="Saver\OmgSaverMngr.h">
      <Filter>Header Files</Filter>
    </ClInclude>
    <ClInclude Include="Omega.h">
      <Filter>Header Files</Filter>
    </ClInclude>
    <ClInclude Include="GeneratedFiles\ui_OmegaWindow.h">
      <Filter>Generated Files</Filter>
    </ClInclude>
    <ClInclude Include="GeneratedFiles\ui_QOmgSceneObjectsDialog.h">
      <Filter>Generated Files</Filter>
    </ClInclude>
    <ClInclude Include="Saver\EntitiesXMLWriter.h">
      <Filter>Header Files</Filter>
    </ClInclude>
    <ClInclude Include="Saver\EntitiesXMLReader.h">
      <Filter>Header Files</Filter>
    </ClInclude>
    <ClInclude Include="Input\KeyboardController.h">
      <Filter>Header Files</Filter>
    </ClInclude>
  </ItemGroup>
  <ItemGroup>
    <None Include="Media\find.png">
      <Filter>Resource Files</Filter>
    </None>
    <None Include="Media\heart.png">
      <Filter>Resource Files</Filter>
    </None>
    <None Include="Media\gun.png">
      <Filter>Resource Files</Filter>
    </None>
    <None Include="Media\character.png">
      <Filter>Resource Files</Filter>
    </None>
    <None Include="Media\plus.png">
      <Filter>Resource Files</Filter>
    </None>
    <None Include="Media\enemy.png">
      <Filter>Resource Files</Filter>
    </None>
    <None Include="Media\tree_folder.png">
      <Filter>Resource Files</Filter>
    </None>
    <None Include="Media\add.png">
      <Filter>Resource Files</Filter>
    </None>
    <None Include="Media\delete.png">
      <Filter>Resource Files</Filter>
    </None>
    <None Include="Media\down_arrow.png">
      <Filter>Resource Files</Filter>
    </None>
    <None Include="Media\edit.png">
      <Filter>Resource Files</Filter>
    </None>
    <None Include="Media\exit.png">
      <Filter>Resource Files</Filter>
    </None>
    <None Include="Media\folder.png">
      <Filter>Resource Files</Filter>
    </None>
    <None Include="Media\item.png">
      <Filter>Resource Files</Filter>
    </None>
    <None Include="Media\minus_black.png">
      <Filter>Resource Files</Filter>
    </None>
    <None Include="Media\omega.ico">
      <Filter>Resource Files</Filter>
    </None>
    <None Include="Media\omega.png">
      <Filter>Resource Files</Filter>
    </None>
    <None Include="Media\plus_black.png">
      <Filter>Resource Files</Filter>
    </None>
    <None Include="Media\redo.png">
      <Filter>Resource Files</Filter>
    </None>
    <None Include="Media\save.png">
      <Filter>Resource Files</Filter>
    </None>
    <None Include="Media\sceneobj.png">
      <Filter>Resource Files</Filter>
    </None>
    <None Include="Media\undo.png">
      <Filter>Resource Files</Filter>
    </None>
    <None Include="Media\export.png">
      <Filter>Resource Files</Filter>
    </None>
    <None Include="Media\import.png">
      <Filter>Resource Files</Filter>
    </None>
    <None Include="Media\mbag.png">
      <Filter>Resource Files</Filter>
    </None>
    <None Include="Media\wall.png">
      <Filter>Resource Files</Filter>
    </None>
    <None Include="Media\bullet.png">
      <Filter>Resource Files</Filter>
    </None>
    <None Include="Media\map.png">
      <Filter>Resource Files</Filter>
    </None>
    <None Include="Media\color.png">
      <Filter>Resource Files</Filter>
    </None>
    <None Include="Media\omega2.png">
      <Filter>Resource Files</Filter>
    </None>
    <None Include="Media\puzzle.png">
      <Filter>Resource Files</Filter>
    </None>
    <None Include="Media\arrow.png">
      <Filter>Resource Files</Filter>
    </None>
    <None Include="Media\texture.png">
      <Filter>Resource Files</Filter>
    </None>
    <None Include="Media\play.png">
      <Filter>Resource Files</Filter>
    </None>
    <None Include="Media\game.png">
      <Filter>Resource Files</Filter>
    </None>
    <None Include="Media\equal.png">
      <Filter>Resource Files</Filter>
    </None>
    <None Include="Media\launch.png">
      <Filter>Resource Files</Filter>
    </None>
    <None Include="Media\clear.png">
      <Filter>Resource Files</Filter>
    </None>
    <None Include="Media\load.png">
      <Filter>Resource Files</Filter>
    </None>
    <None Include="ClassDiagram1.cd" />
  </ItemGroup>
</Project>